
Microsoft Visual Studio Solution File, Format Version 12.00
# Visual Studio Version 17
VisualStudioVersion = 17.14.36623.8 d17.14
MinimumVisualStudioVersion = 10.0.40219.1
Project("{FAE04EC0-301F-11D3-BF4B-00C04F79EFBC}") = "ClassStore.Domain", "ClassStore.Domain\ClassStore.Domain.csproj", "{5B5B26A1-7AB1-4BC5-82C5-2BEBDE0E2520}"
EndProject
Project("{FAE04EC0-301F-11D3-BF4B-00C04F79EFBC}") = "ClassStore.WebUI", "ClassStore.WebUI\ClassStore.WebUI.csproj", "{9DD183AF-8329-4D07-8DEA-7479B864F3BC}"
EndProject
Global
	GlobalSection(SolutionConfigurationPlatforms) = preSolution
		Debug|Any CPU = Debug|Any CPU
		Release|Any CPU = Release|Any CPU
	EndGlobalSection
	GlobalSection(ProjectConfigurationPlatforms) = postSolution
		{5B5B26A1-7AB1-4BC5-82C5-2BEBDE0E2520}.Debug|Any CPU.ActiveCfg = Debug|Any CPU
		{5B5B26A1-7AB1-4BC5-82C5-2BEBDE0E2520}.Debug|Any CPU.Build.0 = Debug|Any CPU
		{5B5B26A1-7AB1-4BC5-82C5-2BEBDE0E2520}.Release|Any CPU.ActiveCfg = Release|Any CPU
		{5B5B26A1-7AB1-4BC5-82C5-2BEBDE0E2520}.Release|Any CPU.Build.0 = Release|Any CPU
		{9DD183AF-8329-4D07-8DEA-7479B864F3BC}.Debug|Any CPU.ActiveCfg = Debug|Any CPU
		{9DD183AF-8329-4D07-8DEA-7479B864F3BC}.Debug|Any CPU.Build.0 = Debug|Any CPU
		{9DD183AF-8329-4D07-8DEA-7479B864F3BC}.Release|Any CPU.ActiveCfg = Release|Any CPU
		{9DD183AF-8329-4D07-8DEA-7479B864F3BC}.Release|Any CPU.Build.0 = Release|Any CPU
	EndGlobalSection
	GlobalSection(SolutionProperties) = preSolution
		HideSolutionNode = FALSE
	EndGlobalSection
	GlobalSection(ExtensibilityGlobals) = postSolution
		SolutionGuid = {4E79C3B7-8727-4390-A41C-49DE2F67DB89}
	EndGlobalSection
EndGlobal
